// !$*UTF8*$!
{
	archiveVersion = 1;
	classes = {
	};
	objectVersion = 46;
	objects = {

/* Begin PBXBuildFile section */
		8914A14018D4A4FE0009885E /* HEXSwipeableTableViewCell.m in Sources */ = {isa = PBXBuildFile; fileRef = 8914A13F18D4A4FE0009885E /* HEXSwipeableTableViewCell.m */; };
		8914A14318D4AD450009885E /* NSMutableArray+HEXUtilityButtons.m in Sources */ = {isa = PBXBuildFile; fileRef = 8914A14218D4AD450009885E /* NSMutableArray+HEXUtilityButtons.m */; };
		8992943718E6312900DF9122 /* HEXCommonStrings.m in Sources */ = {isa = PBXBuildFile; fileRef = 8992943618E6312900DF9122 /* HEXCommonStrings.m */; };
		8992943B18E6377B00DF9122 /* HEXAlertView.m in Sources */ = {isa = PBXBuildFile; fileRef = 8992943A18E6377B00DF9122 /* HEXAlertView.m */; };
		89AC0394189DB85C00B71F89 /* Foundation.framework in Frameworks */ = {isa = PBXBuildFile; fileRef = 89AC0393189DB85C00B71F89 /* Foundation.framework */; };
		89AC0396189DB85C00B71F89 /* CoreGraphics.framework in Frameworks */ = {isa = PBXBuildFile; fileRef = 89AC0395189DB85C00B71F89 /* CoreGraphics.framework */; };
		89AC0398189DB85C00B71F89 /* UIKit.framework in Frameworks */ = {isa = PBXBuildFile; fileRef = 89AC0397189DB85C00B71F89 /* UIKit.framework */; };
		89AC039A189DB85C00B71F89 /* CoreData.framework in Frameworks */ = {isa = PBXBuildFile; fileRef = 89AC0399189DB85C00B71F89 /* CoreData.framework */; };
		89AC03A0189DB85C00B71F89 /* InfoPlist.strings in Resources */ = {isa = PBXBuildFile; fileRef = 89AC039E189DB85C00B71F89 /* InfoPlist.strings */; };
		89AC03A2189DB85C00B71F89 /* main.m in Sources */ = {isa = PBXBuildFile; fileRef = 89AC03A1189DB85C00B71F89 /* main.m */; };
		89AC03AB189DB85C00B71F89 /* Images.xcassets in Resources */ = {isa = PBXBuildFile; fileRef = 89AC03AA189DB85C00B71F89 /* Images.xcassets */; };
		89AC03B2189DB85D00B71F89 /* XCTest.framework in Frameworks */ = {isa = PBXBuildFile; fileRef = 89AC03B1189DB85D00B71F89 /* XCTest.framework */; };
		89AC03B3189DB85D00B71F89 /* Foundation.framework in Frameworks */ = {isa = PBXBuildFile; fileRef = 89AC0393189DB85C00B71F89 /* Foundation.framework */; };
		89AC03B4189DB85D00B71F89 /* UIKit.framework in Frameworks */ = {isa = PBXBuildFile; fileRef = 89AC0397189DB85C00B71F89 /* UIKit.framework */; };
		89AC03B5189DB85D00B71F89 /* CoreData.framework in Frameworks */ = {isa = PBXBuildFile; fileRef = 89AC0399189DB85C00B71F89 /* CoreData.framework */; };
		89AC03BD189DB85D00B71F89 /* InfoPlist.strings in Resources */ = {isa = PBXBuildFile; fileRef = 89AC03BB189DB85D00B71F89 /* InfoPlist.strings */; };
		89AC03BF189DB85D00B71F89 /* HexagonTests.m in Sources */ = {isa = PBXBuildFile; fileRef = 89AC03BE189DB85D00B71F89 /* HexagonTests.m */; };
		89AC03DA189DC32E00B71F89 /* HEXAppDelegate.m in Sources */ = {isa = PBXBuildFile; fileRef = 89AC03D5189DC32E00B71F89 /* HEXAppDelegate.m */; };
		89AC03DE189DC74C00B71F89 /* HEXPlaylistViewController.m in Sources */ = {isa = PBXBuildFile; fileRef = 89AC03DC189DC74C00B71F89 /* HEXPlaylistViewController.m */; };
		89AC03DF189DC74C00B71F89 /* HEXPlaylistViewController.xib in Resources */ = {isa = PBXBuildFile; fileRef = 89AC03DD189DC74C00B71F89 /* HEXPlaylistViewController.xib */; };
		89AC03E4189DC92D00B71F89 /* HEXProfileViewController.m in Sources */ = {isa = PBXBuildFile; fileRef = 89AC03E2189DC92D00B71F89 /* HEXProfileViewController.m */; };
		89AC03E5189DC92D00B71F89 /* HEXProfileViewController.xib in Resources */ = {isa = PBXBuildFile; fileRef = 89AC03E3189DC92D00B71F89 /* HEXProfileViewController.xib */; };
		89AC03EA189DCA9C00B71F89 /* HEXMenuViewController.m in Sources */ = {isa = PBXBuildFile; fileRef = 89AC03E8189DCA9C00B71F89 /* HEXMenuViewController.m */; };
		89AC03EB189DCA9C00B71F89 /* HEXMenuViewController.xib in Resources */ = {isa = PBXBuildFile; fileRef = 89AC03E9189DCA9C00B71F89 /* HEXMenuViewController.xib */; };
		89AC03F0189DD32300B71F89 /* HEXSlidingViewController.m in Sources */ = {isa = PBXBuildFile; fileRef = 89AC03EF189DD32300B71F89 /* HEXSlidingViewController.m */; };
		89AC03F3189DDA1900B71F89 /* Localizable.strings in Resources */ = {isa = PBXBuildFile; fileRef = 89AC03F2189DDA1900B71F89 /* Localizable.strings */; };
		89AC03F7189E05D200B71F89 /* HEXSearchViewController.m in Sources */ = {isa = PBXBuildFile; fileRef = 89AC03F5189E05D200B71F89 /* HEXSearchViewController.m */; };
		89AC03F8189E05D200B71F89 /* HEXSearchViewController.xib in Resources */ = {isa = PBXBuildFile; fileRef = 89AC03F6189E05D200B71F89 /* HEXSearchViewController.xib */; };
		89AC03FD189E060000B71F89 /* HEXSettingsViewController.m in Sources */ = {isa = PBXBuildFile; fileRef = 89AC03FB189E060000B71F89 /* HEXSettingsViewController.m */; };
		89AC03FE189E060000B71F89 /* HEXSettingsViewController.xib in Resources */ = {isa = PBXBuildFile; fileRef = 89AC03FC189E060000B71F89 /* HEXSettingsViewController.xib */; };
		89AC0404189E08BD00B71F89 /* HEXRoomsViewController.m in Sources */ = {isa = PBXBuildFile; fileRef = 89AC0402189E08BD00B71F89 /* HEXRoomsViewController.m */; };
		89AC0405189E08BD00B71F89 /* HEXRoomsViewController.xib in Resources */ = {isa = PBXBuildFile; fileRef = 89AC0403189E08BD00B71F89 /* HEXRoomsViewController.xib */; };
		89B77451189EC0F80045CBC4 /* HEXSpotifyManager.m in Sources */ = {isa = PBXBuildFile; fileRef = 89B77450189EC0F80045CBC4 /* HEXSpotifyManager.m */; };
		89B7746318A09D7C0045CBC4 /* HEXPlaylistDetailViewController.m in Sources */ = {isa = PBXBuildFile; fileRef = 89B7746118A09D7C0045CBC4 /* HEXPlaylistDetailViewController.m */; };
		89B7746418A09D7C0045CBC4 /* HEXPlaylistDetailViewController.xib in Resources */ = {isa = PBXBuildFile; fileRef = 89B7746218A09D7C0045CBC4 /* HEXPlaylistDetailViewController.xib */; };
		89B7746918A0C47F0045CBC4 /* HEXSongPlaybackViewController.m in Sources */ = {isa = PBXBuildFile; fileRef = 89B7746718A0C47F0045CBC4 /* HEXSongPlaybackViewController.m */; };
		89B7746A18A0C47F0045CBC4 /* HEXSongPlaybackViewController.xib in Resources */ = {isa = PBXBuildFile; fileRef = 89B7746818A0C47F0045CBC4 /* HEXSongPlaybackViewController.xib */; };
		89B7746E18A131CA0045CBC4 /* HEXInboxViewController.m in Sources */ = {isa = PBXBuildFile; fileRef = 89B7746C18A131CA0045CBC4 /* HEXInboxViewController.m */; };
		89B7746F18A131CA0045CBC4 /* HEXInboxViewController.xib in Resources */ = {isa = PBXBuildFile; fileRef = 89B7746D18A131CA0045CBC4 /* HEXInboxViewController.xib */; };
		89B7747318A3207A0045CBC4 /* HEXPlaybackManager.m in Sources */ = {isa = PBXBuildFile; fileRef = 89B7747218A3207A0045CBC4 /* HEXPlaybackManager.m */; };
		AA2A59A7A9CD4BC7840955C9 /* libPods.a in Frameworks */ = {isa = PBXBuildFile; fileRef = 9AC44CDA0E8C4C45B82441EE /* libPods.a */; };
/* End PBXBuildFile section */

/* Begin PBXContainerItemProxy section */
		89AC03B6189DB85D00B71F89 /* PBXContainerItemProxy */ = {
			isa = PBXContainerItemProxy;
			containerPortal = 89AC0388189DB85C00B71F89 /* Project object */;
			proxyType = 1;
			remoteGlobalIDString = 89AC038F189DB85C00B71F89;
			remoteInfo = Hexagon;
		};
/* End PBXContainerItemProxy section */

/* Begin PBXFileReference section */
		7812DECFBAA24DF48591D6CC /* Pods.xcconfig */ = {isa = PBXFileReference; includeInIndex = 1; lastKnownFileType = text.xcconfig; name = Pods.xcconfig; path = Pods/Pods.xcconfig; sourceTree = "<group>"; };
		8914A13E18D4A4FE0009885E /* HEXSwipeableTableViewCell.h */ = {isa = PBXFileReference; fileEncoding = 4; lastKnownFileType = sourcecode.c.h; path = HEXSwipeableTableViewCell.h; sourceTree = "<group>"; };
		8914A13F18D4A4FE0009885E /* HEXSwipeableTableViewCell.m */ = {isa = PBXFileReference; fileEncoding = 4; lastKnownFileType = sourcecode.c.objc; path = HEXSwipeableTableViewCell.m; sourceTree = "<group>"; };
		8914A14118D4AD450009885E /* NSMutableArray+HEXUtilityButtons.h */ = {isa = PBXFileReference; fileEncoding = 4; lastKnownFileType = sourcecode.c.h; path = "NSMutableArray+HEXUtilityButtons.h"; sourceTree = "<group>"; };
		8914A14218D4AD450009885E /* NSMutableArray+HEXUtilityButtons.m */ = {isa = PBXFileReference; fileEncoding = 4; lastKnownFileType = sourcecode.c.objc; path = "NSMutableArray+HEXUtilityButtons.m"; sourceTree = "<group>"; };
		8992943518E6312900DF9122 /* HEXCommonStrings.h */ = {isa = PBXFileReference; fileEncoding = 4; lastKnownFileType = sourcecode.c.h; path = HEXCommonStrings.h; sourceTree = "<group>"; };
		8992943618E6312900DF9122 /* HEXCommonStrings.m */ = {isa = PBXFileReference; fileEncoding = 4; lastKnownFileType = sourcecode.c.objc; path = HEXCommonStrings.m; sourceTree = "<group>"; };
		8992943918E6377B00DF9122 /* HEXAlertView.h */ = {isa = PBXFileReference; fileEncoding = 4; lastKnownFileType = sourcecode.c.h; path = HEXAlertView.h; sourceTree = "<group>"; };
		8992943A18E6377B00DF9122 /* HEXAlertView.m */ = {isa = PBXFileReference; fileEncoding = 4; lastKnownFileType = sourcecode.c.objc; path = HEXAlertView.m; sourceTree = "<group>"; };
		89AC0390189DB85C00B71F89 /* Hexagon.app */ = {isa = PBXFileReference; explicitFileType = wrapper.application; includeInIndex = 0; path = Hexagon.app; sourceTree = BUILT_PRODUCTS_DIR; };
		89AC0393189DB85C00B71F89 /* Foundation.framework */ = {isa = PBXFileReference; lastKnownFileType = wrapper.framework; name = Foundation.framework; path = System/Library/Frameworks/Foundation.framework; sourceTree = SDKROOT; };
		89AC0395189DB85C00B71F89 /* CoreGraphics.framework */ = {isa = PBXFileReference; lastKnownFileType = wrapper.framework; name = CoreGraphics.framework; path = System/Library/Frameworks/CoreGraphics.framework; sourceTree = SDKROOT; };
		89AC0397189DB85C00B71F89 /* UIKit.framework */ = {isa = PBXFileReference; lastKnownFileType = wrapper.framework; name = UIKit.framework; path = System/Library/Frameworks/UIKit.framework; sourceTree = SDKROOT; };
		89AC0399189DB85C00B71F89 /* CoreData.framework */ = {isa = PBXFileReference; lastKnownFileType = wrapper.framework; name = CoreData.framework; path = System/Library/Frameworks/CoreData.framework; sourceTree = SDKROOT; };
		89AC039D189DB85C00B71F89 /* Hexagon-Info.plist */ = {isa = PBXFileReference; lastKnownFileType = text.plist.xml; path = "Hexagon-Info.plist"; sourceTree = "<group>"; };
		89AC039F189DB85C00B71F89 /* en */ = {isa = PBXFileReference; lastKnownFileType = text.plist.strings; name = en; path = en.lproj/InfoPlist.strings; sourceTree = "<group>"; };
		89AC03A1189DB85C00B71F89 /* main.m */ = {isa = PBXFileReference; lastKnownFileType = sourcecode.c.objc; path = main.m; sourceTree = "<group>"; };
		89AC03A3189DB85C00B71F89 /* Hexagon-Prefix.pch */ = {isa = PBXFileReference; lastKnownFileType = sourcecode.c.h; path = "Hexagon-Prefix.pch"; sourceTree = "<group>"; };
		89AC03AA189DB85C00B71F89 /* Images.xcassets */ = {isa = PBXFileReference; lastKnownFileType = folder.assetcatalog; path = Images.xcassets; sourceTree = "<group>"; };
		89AC03B0189DB85D00B71F89 /* HexagonTests.xctest */ = {isa = PBXFileReference; explicitFileType = wrapper.cfbundle; includeInIndex = 0; path = HexagonTests.xctest; sourceTree = BUILT_PRODUCTS_DIR; };
		89AC03B1189DB85D00B71F89 /* XCTest.framework */ = {isa = PBXFileReference; lastKnownFileType = wrapper.framework; name = XCTest.framework; path = Library/Frameworks/XCTest.framework; sourceTree = DEVELOPER_DIR; };
		89AC03BA189DB85D00B71F89 /* HexagonTests-Info.plist */ = {isa = PBXFileReference; lastKnownFileType = text.plist.xml; path = "HexagonTests-Info.plist"; sourceTree = "<group>"; };
		89AC03BC189DB85D00B71F89 /* en */ = {isa = PBXFileReference; lastKnownFileType = text.plist.strings; name = en; path = en.lproj/InfoPlist.strings; sourceTree = "<group>"; };
		89AC03BE189DB85D00B71F89 /* HexagonTests.m */ = {isa = PBXFileReference; lastKnownFileType = sourcecode.c.objc; path = HexagonTests.m; sourceTree = "<group>"; };
		89AC03D4189DC32E00B71F89 /* HEXAppDelegate.h */ = {isa = PBXFileReference; fileEncoding = 4; lastKnownFileType = sourcecode.c.h; path = HEXAppDelegate.h; sourceTree = "<group>"; };
		89AC03D5189DC32E00B71F89 /* HEXAppDelegate.m */ = {isa = PBXFileReference; fileEncoding = 4; lastKnownFileType = sourcecode.c.objc; name = HEXAppDelegate.m; path = Hexagon/Code/Application/HEXAppDelegate.m; sourceTree = SOURCE_ROOT; };
		89AC03DB189DC74C00B71F89 /* HEXPlaylistViewController.h */ = {isa = PBXFileReference; fileEncoding = 4; lastKnownFileType = sourcecode.c.h; path = HEXPlaylistViewController.h; sourceTree = "<group>"; };
		89AC03DC189DC74C00B71F89 /* HEXPlaylistViewController.m */ = {isa = PBXFileReference; fileEncoding = 4; lastKnownFileType = sourcecode.c.objc; path = HEXPlaylistViewController.m; sourceTree = "<group>"; };
		89AC03DD189DC74C00B71F89 /* HEXPlaylistViewController.xib */ = {isa = PBXFileReference; fileEncoding = 4; lastKnownFileType = file.xib; path = HEXPlaylistViewController.xib; sourceTree = "<group>"; };
		89AC03E1189DC92D00B71F89 /* HEXProfileViewController.h */ = {isa = PBXFileReference; fileEncoding = 4; lastKnownFileType = sourcecode.c.h; path = HEXProfileViewController.h; sourceTree = "<group>"; };
		89AC03E2189DC92D00B71F89 /* HEXProfileViewController.m */ = {isa = PBXFileReference; fileEncoding = 4; lastKnownFileType = sourcecode.c.objc; path = HEXProfileViewController.m; sourceTree = "<group>"; };
		89AC03E3189DC92D00B71F89 /* HEXProfileViewController.xib */ = {isa = PBXFileReference; fileEncoding = 4; lastKnownFileType = file.xib; path = HEXProfileViewController.xib; sourceTree = "<group>"; };
		89AC03E7189DCA9C00B71F89 /* HEXMenuViewController.h */ = {isa = PBXFileReference; fileEncoding = 4; lastKnownFileType = sourcecode.c.h; path = HEXMenuViewController.h; sourceTree = "<group>"; };
		89AC03E8189DCA9C00B71F89 /* HEXMenuViewController.m */ = {isa = PBXFileReference; fileEncoding = 4; lastKnownFileType = sourcecode.c.objc; path = HEXMenuViewController.m; sourceTree = "<group>"; };
		89AC03E9189DCA9C00B71F89 /* HEXMenuViewController.xib */ = {isa = PBXFileReference; fileEncoding = 4; lastKnownFileType = file.xib; path = HEXMenuViewController.xib; sourceTree = "<group>"; };
		89AC03ED189DCE2A00B71F89 /* Constants.h */ = {isa = PBXFileReference; lastKnownFileType = sourcecode.c.h; path = Constants.h; sourceTree = "<group>"; };
		89AC03EE189DD32300B71F89 /* HEXSlidingViewController.h */ = {isa = PBXFileReference; fileEncoding = 4; lastKnownFileType = sourcecode.c.h; path = HEXSlidingViewController.h; sourceTree = "<group>"; };
		89AC03EF189DD32300B71F89 /* HEXSlidingViewController.m */ = {isa = PBXFileReference; fileEncoding = 4; lastKnownFileType = sourcecode.c.objc; path = HEXSlidingViewController.m; sourceTree = "<group>"; };
		89AC03F2189DDA1900B71F89 /* Localizable.strings */ = {isa = PBXFileReference; fileEncoding = 4; lastKnownFileType = text.plist.strings; path = Localizable.strings; sourceTree = "<group>"; };
		89AC03F4189E05D200B71F89 /* HEXSearchViewController.h */ = {isa = PBXFileReference; fileEncoding = 4; lastKnownFileType = sourcecode.c.h; path = HEXSearchViewController.h; sourceTree = "<group>"; };
		89AC03F5189E05D200B71F89 /* HEXSearchViewController.m */ = {isa = PBXFileReference; fileEncoding = 4; lastKnownFileType = sourcecode.c.objc; path = HEXSearchViewController.m; sourceTree = "<group>"; };
		89AC03F6189E05D200B71F89 /* HEXSearchViewController.xib */ = {isa = PBXFileReference; fileEncoding = 4; lastKnownFileType = file.xib; path = HEXSearchViewController.xib; sourceTree = "<group>"; };
		89AC03FA189E060000B71F89 /* HEXSettingsViewController.h */ = {isa = PBXFileReference; fileEncoding = 4; lastKnownFileType = sourcecode.c.h; path = HEXSettingsViewController.h; sourceTree = "<group>"; };
		89AC03FB189E060000B71F89 /* HEXSettingsViewController.m */ = {isa = PBXFileReference; fileEncoding = 4; lastKnownFileType = sourcecode.c.objc; path = HEXSettingsViewController.m; sourceTree = "<group>"; };
		89AC03FC189E060000B71F89 /* HEXSettingsViewController.xib */ = {isa = PBXFileReference; fileEncoding = 4; lastKnownFileType = file.xib; path = HEXSettingsViewController.xib; sourceTree = "<group>"; };
		89AC0401189E08BD00B71F89 /* HEXRoomsViewController.h */ = {isa = PBXFileReference; fileEncoding = 4; lastKnownFileType = sourcecode.c.h; path = HEXRoomsViewController.h; sourceTree = "<group>"; };
		89AC0402189E08BD00B71F89 /* HEXRoomsViewController.m */ = {isa = PBXFileReference; fileEncoding = 4; lastKnownFileType = sourcecode.c.objc; path = HEXRoomsViewController.m; sourceTree = "<group>"; };
		89AC0403189E08BD00B71F89 /* HEXRoomsViewController.xib */ = {isa = PBXFileReference; fileEncoding = 4; lastKnownFileType = file.xib; path = HEXRoomsViewController.xib; sourceTree = "<group>"; };
		89B7744F189EC0F80045CBC4 /* HEXSpotifyManager.h */ = {isa = PBXFileReference; fileEncoding = 4; lastKnownFileType = sourcecode.c.h; path = HEXSpotifyManager.h; sourceTree = "<group>"; };
		89B77450189EC0F80045CBC4 /* HEXSpotifyManager.m */ = {isa = PBXFileReference; fileEncoding = 4; lastKnownFileType = sourcecode.c.objc; path = HEXSpotifyManager.m; sourceTree = "<group>"; };
		89B77453189EC5460045CBC4 /* appkey.c */ = {isa = PBXFileReference; fileEncoding = 4; lastKnownFileType = sourcecode.c.c; path = appkey.c; sourceTree = "<group>"; };
		89B7746018A09D7C0045CBC4 /* HEXPlaylistDetailViewController.h */ = {isa = PBXFileReference; fileEncoding = 4; lastKnownFileType = sourcecode.c.h; path = HEXPlaylistDetailViewController.h; sourceTree = "<group>"; };
		89B7746118A09D7C0045CBC4 /* HEXPlaylistDetailViewController.m */ = {isa = PBXFileReference; fileEncoding = 4; lastKnownFileType = sourcecode.c.objc; path = HEXPlaylistDetailViewController.m; sourceTree = "<group>"; };
		89B7746218A09D7C0045CBC4 /* HEXPlaylistDetailViewController.xib */ = {isa = PBXFileReference; fileEncoding = 4; lastKnownFileType = file.xib; path = HEXPlaylistDetailViewController.xib; sourceTree = "<group>"; };
		89B7746618A0C47F0045CBC4 /* HEXSongPlaybackViewController.h */ = {isa = PBXFileReference; fileEncoding = 4; lastKnownFileType = sourcecode.c.h; path = HEXSongPlaybackViewController.h; sourceTree = "<group>"; };
		89B7746718A0C47F0045CBC4 /* HEXSongPlaybackViewController.m */ = {isa = PBXFileReference; fileEncoding = 4; lastKnownFileType = sourcecode.c.objc; path = HEXSongPlaybackViewController.m; sourceTree = "<group>"; };
		89B7746818A0C47F0045CBC4 /* HEXSongPlaybackViewController.xib */ = {isa = PBXFileReference; fileEncoding = 4; lastKnownFileType = file.xib; path = HEXSongPlaybackViewController.xib; sourceTree = "<group>"; };
		89B7746B18A131CA0045CBC4 /* HEXInboxViewController.h */ = {isa = PBXFileReference; fileEncoding = 4; lastKnownFileType = sourcecode.c.h; path = HEXInboxViewController.h; sourceTree = "<group>"; };
		89B7746C18A131CA0045CBC4 /* HEXInboxViewController.m */ = {isa = PBXFileReference; fileEncoding = 4; lastKnownFileType = sourcecode.c.objc; path = HEXInboxViewController.m; sourceTree = "<group>"; };
		89B7746D18A131CA0045CBC4 /* HEXInboxViewController.xib */ = {isa = PBXFileReference; fileEncoding = 4; lastKnownFileType = file.xib; path = HEXInboxViewController.xib; sourceTree = "<group>"; };
		89B7747118A3207A0045CBC4 /* HEXPlaybackManager.h */ = {isa = PBXFileReference; fileEncoding = 4; lastKnownFileType = sourcecode.c.h; path = HEXPlaybackManager.h; sourceTree = "<group>"; };
		89B7747218A3207A0045CBC4 /* HEXPlaybackManager.m */ = {isa = PBXFileReference; fileEncoding = 4; lastKnownFileType = sourcecode.c.objc; path = HEXPlaybackManager.m; sourceTree = "<group>"; };
		9AC44CDA0E8C4C45B82441EE /* libPods.a */ = {isa = PBXFileReference; explicitFileType = archive.ar; includeInIndex = 0; path = libPods.a; sourceTree = BUILT_PRODUCTS_DIR; };
/* End PBXFileReference section */

/* Begin PBXFrameworksBuildPhase section */
		89AC038D189DB85C00B71F89 /* Frameworks */ = {
			isa = PBXFrameworksBuildPhase;
			buildActionMask = 2147483647;
			files = (
				89AC0396189DB85C00B71F89 /* CoreGraphics.framework in Frameworks */,
				89AC039A189DB85C00B71F89 /* CoreData.framework in Frameworks */,
				89AC0398189DB85C00B71F89 /* UIKit.framework in Frameworks */,
				89AC0394189DB85C00B71F89 /* Foundation.framework in Frameworks */,
				AA2A59A7A9CD4BC7840955C9 /* libPods.a in Frameworks */,
			);
			runOnlyForDeploymentPostprocessing = 0;
		};
		89AC03AD189DB85D00B71F89 /* Frameworks */ = {
			isa = PBXFrameworksBuildPhase;
			buildActionMask = 2147483647;
			files = (
				89AC03B2189DB85D00B71F89 /* XCTest.framework in Frameworks */,
				89AC03B5189DB85D00B71F89 /* CoreData.framework in Frameworks */,
				89AC03B4189DB85D00B71F89 /* UIKit.framework in Frameworks */,
				89AC03B3189DB85D00B71F89 /* Foundation.framework in Frameworks */,
			);
			runOnlyForDeploymentPostprocessing = 0;
		};
/* End PBXFrameworksBuildPhase section */

/* Begin PBXGroup section */
		8992943818E6375B00DF9122 /* HEXAlertView */ = {
			isa = PBXGroup;
			children = (
				8992943918E6377B00DF9122 /* HEXAlertView.h */,
				8992943A18E6377B00DF9122 /* HEXAlertView.m */,
			);
			name = HEXAlertView;
			sourceTree = "<group>";
		};
		89AC0387189DB85C00B71F89 = {
			isa = PBXGroup;
			children = (
				89AC039B189DB85C00B71F89 /* Hexagon */,
				89AC03B8189DB85D00B71F89 /* HexagonTests */,
				89AC0392189DB85C00B71F89 /* Frameworks */,
				89AC0391189DB85C00B71F89 /* Products */,
				7812DECFBAA24DF48591D6CC /* Pods.xcconfig */,
			);
			sourceTree = "<group>";
		};
		89AC0391189DB85C00B71F89 /* Products */ = {
			isa = PBXGroup;
			children = (
				89AC0390189DB85C00B71F89 /* Hexagon.app */,
				89AC03B0189DB85D00B71F89 /* HexagonTests.xctest */,
			);
			name = Products;
			sourceTree = "<group>";
		};
		89AC0392189DB85C00B71F89 /* Frameworks */ = {
			isa = PBXGroup;
			children = (
				89AC0393189DB85C00B71F89 /* Foundation.framework */,
				89AC0395189DB85C00B71F89 /* CoreGraphics.framework */,
				89AC0397189DB85C00B71F89 /* UIKit.framework */,
				89AC0399189DB85C00B71F89 /* CoreData.framework */,
				89AC03B1189DB85D00B71F89 /* XCTest.framework */,
				9AC44CDA0E8C4C45B82441EE /* libPods.a */,
			);
			name = Frameworks;
			sourceTree = "<group>";
		};
		89AC039B189DB85C00B71F89 /* Hexagon */ = {
			isa = PBXGroup;
			children = (
				89AC03D3189DC32E00B71F89 /* Application */,
				89AC03D8189DC32E00B71F89 /* Models */,
				89AC03D9189DC32E00B71F89 /* Views */,
				89AC03D6189DC32E00B71F89 /* Controllers */,
				89AC03D7189DC32E00B71F89 /* Helpers */,
				89AC03AA189DB85C00B71F89 /* Images.xcassets */,
				89AC039C189DB85C00B71F89 /* Supporting Files */,
			);
			path = Hexagon;
			sourceTree = "<group>";
		};
		89AC039C189DB85C00B71F89 /* Supporting Files */ = {
			isa = PBXGroup;
			children = (
				89AC039D189DB85C00B71F89 /* Hexagon-Info.plist */,
				89AC039E189DB85C00B71F89 /* InfoPlist.strings */,
				89AC03A1189DB85C00B71F89 /* main.m */,
				89AC03A3189DB85C00B71F89 /* Hexagon-Prefix.pch */,
				89AC03F2189DDA1900B71F89 /* Localizable.strings */,
			);
			name = "Supporting Files";
			sourceTree = "<group>";
		};
		89AC03B8189DB85D00B71F89 /* HexagonTests */ = {
			isa = PBXGroup;
			children = (
				89AC03BE189DB85D00B71F89 /* HexagonTests.m */,
				89AC03B9189DB85D00B71F89 /* Supporting Files */,
			);
			path = HexagonTests;
			sourceTree = "<group>";
		};
		89AC03B9189DB85D00B71F89 /* Supporting Files */ = {
			isa = PBXGroup;
			children = (
				89AC03BA189DB85D00B71F89 /* HexagonTests-Info.plist */,
				89AC03BB189DB85D00B71F89 /* InfoPlist.strings */,
			);
			name = "Supporting Files";
			sourceTree = "<group>";
		};
		89AC03D3189DC32E00B71F89 /* Application */ = {
			isa = PBXGroup;
			children = (
				89AC03D4189DC32E00B71F89 /* HEXAppDelegate.h */,
				89AC03D5189DC32E00B71F89 /* HEXAppDelegate.m */,
			);
			name = Application;
			path = Code/Application;
			sourceTree = "<group>";
		};
		89AC03D6189DC32E00B71F89 /* Controllers */ = {
			isa = PBXGroup;
			children = (
				89AC03EC189DCA9F00B71F89 /* Menu */,
				89AC03F9189E05D600B71F89 /* Search */,
				89AC0400189E060E00B71F89 /* Rooms */,
				89AC03E0189DC91B00B71F89 /* Playlists */,
				89B7747018A131CE0045CBC4 /* Inbox */,
				89AC03E6189DC93100B71F89 /* Profile */,
				89AC03FF189E060200B71F89 /* Settings */,
				89AC03F1189DD32700B71F89 /* Sliding View Controller */,
				89B7746518A0C45E0045CBC4 /* Music Playback */,
			);
			name = Controllers;
			path = Code/Controllers;
			sourceTree = "<group>";
		};
		89AC03D7189DC32E00B71F89 /* Helpers */ = {
			isa = PBXGroup;
			children = (
				89AC03ED189DCE2A00B71F89 /* Constants.h */,
				8914A14118D4AD450009885E /* NSMutableArray+HEXUtilityButtons.h */,
				8914A14218D4AD450009885E /* NSMutableArray+HEXUtilityButtons.m */,
				8992943518E6312900DF9122 /* HEXCommonStrings.h */,
				8992943618E6312900DF9122 /* HEXCommonStrings.m */,
			);
			name = Helpers;
			path = Code/Helpers;
			sourceTree = "<group>";
		};
		89AC03D8189DC32E00B71F89 /* Models */ = {
			isa = PBXGroup;
			children = (
				89B77453189EC5460045CBC4 /* appkey.c */,
				89B7745B18A091EF0045CBC4 /* Spotify */,
			);
			name = Models;
			path = Code/Models;
			sourceTree = "<group>";
		};
		89AC03D9189DC32E00B71F89 /* Views */ = {
			isa = PBXGroup;
			children = (
				8992943818E6375B00DF9122 /* HEXAlertView */,
				8914A13E18D4A4FE0009885E /* HEXSwipeableTableViewCell.h */,
				8914A13F18D4A4FE0009885E /* HEXSwipeableTableViewCell.m */,
			);
			name = Views;
			path = Code/Views;
			sourceTree = "<group>";
		};
		89AC03E0189DC91B00B71F89 /* Playlists */ = {
			isa = PBXGroup;
			children = (
				89AC03DB189DC74C00B71F89 /* HEXPlaylistViewController.h */,
				89AC03DC189DC74C00B71F89 /* HEXPlaylistViewController.m */,
				89AC03DD189DC74C00B71F89 /* HEXPlaylistViewController.xib */,
				89B7746018A09D7C0045CBC4 /* HEXPlaylistDetailViewController.h */,
				89B7746118A09D7C0045CBC4 /* HEXPlaylistDetailViewController.m */,
				89B7746218A09D7C0045CBC4 /* HEXPlaylistDetailViewController.xib */,
			);
			name = Playlists;
			sourceTree = "<group>";
		};
		89AC03E6189DC93100B71F89 /* Profile */ = {
			isa = PBXGroup;
			children = (
				89AC03E1189DC92D00B71F89 /* HEXProfileViewController.h */,
				89AC03E2189DC92D00B71F89 /* HEXProfileViewController.m */,
				89AC03E3189DC92D00B71F89 /* HEXProfileViewController.xib */,
			);
			name = Profile;
			sourceTree = "<group>";
		};
		89AC03EC189DCA9F00B71F89 /* Menu */ = {
			isa = PBXGroup;
			children = (
				89AC03E7189DCA9C00B71F89 /* HEXMenuViewController.h */,
				89AC03E8189DCA9C00B71F89 /* HEXMenuViewController.m */,
				89AC03E9189DCA9C00B71F89 /* HEXMenuViewController.xib */,
			);
			name = Menu;
			sourceTree = "<group>";
		};
		89AC03F1189DD32700B71F89 /* Sliding View Controller */ = {
			isa = PBXGroup;
			children = (
				89AC03EE189DD32300B71F89 /* HEXSlidingViewController.h */,
				89AC03EF189DD32300B71F89 /* HEXSlidingViewController.m */,
			);
			name = "Sliding View Controller";
			sourceTree = "<group>";
		};
		89AC03F9189E05D600B71F89 /* Search */ = {
			isa = PBXGroup;
			children = (
				89AC03F4189E05D200B71F89 /* HEXSearchViewController.h */,
				89AC03F5189E05D200B71F89 /* HEXSearchViewController.m */,
				89AC03F6189E05D200B71F89 /* HEXSearchViewController.xib */,
			);
			name = Search;
			sourceTree = "<group>";
		};
		89AC03FF189E060200B71F89 /* Settings */ = {
			isa = PBXGroup;
			children = (
				89AC03FA189E060000B71F89 /* HEXSettingsViewController.h */,
				89AC03FB189E060000B71F89 /* HEXSettingsViewController.m */,
				89AC03FC189E060000B71F89 /* HEXSettingsViewController.xib */,
			);
			name = Settings;
			sourceTree = "<group>";
		};
		89AC0400189E060E00B71F89 /* Rooms */ = {
			isa = PBXGroup;
			children = (
				89AC0401189E08BD00B71F89 /* HEXRoomsViewController.h */,
				89AC0402189E08BD00B71F89 /* HEXRoomsViewController.m */,
				89AC0403189E08BD00B71F89 /* HEXRoomsViewController.xib */,
			);
			name = Rooms;
			sourceTree = "<group>";
		};
		89B7745B18A091EF0045CBC4 /* Spotify */ = {
			isa = PBXGroup;
			children = (
				89B7744F189EC0F80045CBC4 /* HEXSpotifyManager.h */,
				89B77450189EC0F80045CBC4 /* HEXSpotifyManager.m */,
				89B7747118A3207A0045CBC4 /* HEXPlaybackManager.h */,
				89B7747218A3207A0045CBC4 /* HEXPlaybackManager.m */,
			);
			name = Spotify;
			sourceTree = "<group>";
		};
		89B7746518A0C45E0045CBC4 /* Music Playback */ = {
			isa = PBXGroup;
			children = (
				89B7746618A0C47F0045CBC4 /* HEXSongPlaybackViewController.h */,
				89B7746718A0C47F0045CBC4 /* HEXSongPlaybackViewController.m */,
				89B7746818A0C47F0045CBC4 /* HEXSongPlaybackViewController.xib */,
			);
			name = "Music Playback";
			sourceTree = "<group>";
		};
		89B7747018A131CE0045CBC4 /* Inbox */ = {
			isa = PBXGroup;
			children = (
				89B7746B18A131CA0045CBC4 /* HEXInboxViewController.h */,
				89B7746C18A131CA0045CBC4 /* HEXInboxViewController.m */,
				89B7746D18A131CA0045CBC4 /* HEXInboxViewController.xib */,
			);
			name = Inbox;
			sourceTree = "<group>";
		};
/* End PBXGroup section */

/* Begin PBXNativeTarget section */
		89AC038F189DB85C00B71F89 /* Hexagon */ = {
			isa = PBXNativeTarget;
			buildConfigurationList = 89AC03C2189DB85D00B71F89 /* Build configuration list for PBXNativeTarget "Hexagon" */;
			buildPhases = (
				37B7FBED9ADF4C4E91E42688 /* Check Pods Manifest.lock */,
				89AC038C189DB85C00B71F89 /* Sources */,
				89AC038D189DB85C00B71F89 /* Frameworks */,
				89AC038E189DB85C00B71F89 /* Resources */,
				F5BE18340FA44FD58AFEA5E7 /* Copy Pods Resources */,
			);
			buildRules = (
			);
			dependencies = (
			);
			name = Hexagon;
			productName = Hexagon;
			productReference = 89AC0390189DB85C00B71F89 /* Hexagon.app */;
			productType = "com.apple.product-type.application";
		};
		89AC03AF189DB85D00B71F89 /* HexagonTests */ = {
			isa = PBXNativeTarget;
			buildConfigurationList = 89AC03C5189DB85D00B71F89 /* Build configuration list for PBXNativeTarget "HexagonTests" */;
			buildPhases = (
				89AC03AC189DB85D00B71F89 /* Sources */,
				89AC03AD189DB85D00B71F89 /* Frameworks */,
				89AC03AE189DB85D00B71F89 /* Resources */,
			);
			buildRules = (
			);
			dependencies = (
				89AC03B7189DB85D00B71F89 /* PBXTargetDependency */,
			);
			name = HexagonTests;
			productName = HexagonTests;
			productReference = 89AC03B0189DB85D00B71F89 /* HexagonTests.xctest */;
			productType = "com.apple.product-type.bundle.unit-test";
		};
/* End PBXNativeTarget section */

/* Begin PBXProject section */
		89AC0388189DB85C00B71F89 /* Project object */ = {
			isa = PBXProject;
			attributes = {
				CLASSPREFIX = HEX;
				LastUpgradeCheck = 0500;
				ORGANIZATIONNAME = "Lauren Frazier";
				TargetAttributes = {
					89AC038F189DB85C00B71F89 = {
						DevelopmentTeam = V258QD85M9;
					};
					89AC03AF189DB85D00B71F89 = {
						TestTargetID = 89AC038F189DB85C00B71F89;
					};
				};
			};
			buildConfigurationList = 89AC038B189DB85C00B71F89 /* Build configuration list for PBXProject "Hexagon" */;
			compatibilityVersion = "Xcode 3.2";
			developmentRegion = English;
			hasScannedForEncodings = 0;
			knownRegions = (
				en,
			);
			mainGroup = 89AC0387189DB85C00B71F89;
			productRefGroup = 89AC0391189DB85C00B71F89 /* Products */;
			projectDirPath = "";
			projectRoot = "";
			targets = (
				89AC038F189DB85C00B71F89 /* Hexagon */,
				89AC03AF189DB85D00B71F89 /* HexagonTests */,
			);
		};
/* End PBXProject section */

/* Begin PBXResourcesBuildPhase section */
		89AC038E189DB85C00B71F89 /* Resources */ = {
			isa = PBXResourcesBuildPhase;
			buildActionMask = 2147483647;
			files = (
				89AC03EB189DCA9C00B71F89 /* HEXMenuViewController.xib in Resources */,
				89AC0405189E08BD00B71F89 /* HEXRoomsViewController.xib in Resources */,
				89AC03F3189DDA1900B71F89 /* Localizable.strings in Resources */,
				89B7746F18A131CA0045CBC4 /* HEXInboxViewController.xib in Resources */,
				89AC03DF189DC74C00B71F89 /* HEXPlaylistViewController.xib in Resources */,
				89B7746A18A0C47F0045CBC4 /* HEXSongPlaybackViewController.xib in Resources */,
				89AC03FE189E060000B71F89 /* HEXSettingsViewController.xib in Resources */,
				89AC03A0189DB85C00B71F89 /* InfoPlist.strings in Resources */,
				89AC03E5189DC92D00B71F89 /* HEXProfileViewController.xib in Resources */,
				89B7746418A09D7C0045CBC4 /* HEXPlaylistDetailViewController.xib in Resources */,
				89AC03AB189DB85C00B71F89 /* Images.xcassets in Resources */,
				89AC03F8189E05D200B71F89 /* HEXSearchViewController.xib in Resources */,
			);
			runOnlyForDeploymentPostprocessing = 0;
		};
		89AC03AE189DB85D00B71F89 /* Resources */ = {
			isa = PBXResourcesBuildPhase;
			buildActionMask = 2147483647;
			files = (
				89AC03BD189DB85D00B71F89 /* InfoPlist.strings in Resources */,
			);
			runOnlyForDeploymentPostprocessing = 0;
		};
/* End PBXResourcesBuildPhase section */

/* Begin PBXShellScriptBuildPhase section */
		37B7FBED9ADF4C4E91E42688 /* Check Pods Manifest.lock */ = {
			isa = PBXShellScriptBuildPhase;
			buildActionMask = 2147483647;
			files = (
			);
			inputPaths = (
			);
			name = "Check Pods Manifest.lock";
			outputPaths = (
			);
			runOnlyForDeploymentPostprocessing = 0;
			shellPath = /bin/sh;
			shellScript = "diff \"${PODS_ROOT}/../Podfile.lock\" \"${PODS_ROOT}/Manifest.lock\" > /dev/null\nif [[ $? != 0 ]] ; then\n    cat << EOM\nerror: The sandbox is not in sync with the Podfile.lock. Run 'pod install' or update your CocoaPods installation.\nEOM\n    exit 1\nfi\n";
			showEnvVarsInLog = 0;
		};
		F5BE18340FA44FD58AFEA5E7 /* Copy Pods Resources */ = {
			isa = PBXShellScriptBuildPhase;
			buildActionMask = 2147483647;
			files = (
			);
			inputPaths = (
			);
			name = "Copy Pods Resources";
			outputPaths = (
			);
			runOnlyForDeploymentPostprocessing = 0;
			shellPath = /bin/sh;
			shellScript = "\"${SRCROOT}/Pods/Pods-resources.sh\"\n";
			showEnvVarsInLog = 0;
		};
/* End PBXShellScriptBuildPhase section */

/* Begin PBXSourcesBuildPhase section */
		89AC038C189DB85C00B71F89 /* Sources */ = {
			isa = PBXSourcesBuildPhase;
			buildActionMask = 2147483647;
			files = (
				89AC03FD189E060000B71F89 /* HEXSettingsViewController.m in Sources */,
				89B77451189EC0F80045CBC4 /* HEXSpotifyManager.m in Sources */,
				8914A14318D4AD450009885E /* NSMutableArray+HEXUtilityButtons.m in Sources */,
				89AC03E4189DC92D00B71F89 /* HEXProfileViewController.m in Sources */,
				8992943718E6312900DF9122 /* HEXCommonStrings.m in Sources */,
				89AC03F0189DD32300B71F89 /* HEXSlidingViewController.m in Sources */,
				89B7746918A0C47F0045CBC4 /* HEXSongPlaybackViewController.m in Sources */,
				89AC0404189E08BD00B71F89 /* HEXRoomsViewController.m in Sources */,
				89AC03DE189DC74C00B71F89 /* HEXPlaylistViewController.m in Sources */,
				89B7747318A3207A0045CBC4 /* HEXPlaybackManager.m in Sources */,
				89B7746318A09D7C0045CBC4 /* HEXPlaylistDetailViewController.m in Sources */,
				89B7746E18A131CA0045CBC4 /* HEXInboxViewController.m in Sources */,
				89AC03EA189DCA9C00B71F89 /* HEXMenuViewController.m in Sources */,
				8992943B18E6377B00DF9122 /* HEXAlertView.m in Sources */,
				89AC03DA189DC32E00B71F89 /* HEXAppDelegate.m in Sources */,
				89AC03F7189E05D200B71F89 /* HEXSearchViewController.m in Sources */,
				8914A14018D4A4FE0009885E /* HEXSwipeableTableViewCell.m in Sources */,
				89AC03A2189DB85C00B71F89 /* main.m in Sources */,
			);
			runOnlyForDeploymentPostprocessing = 0;
		};
		89AC03AC189DB85D00B71F89 /* Sources */ = {
			isa = PBXSourcesBuildPhase;
			buildActionMask = 2147483647;
			files = (
				89AC03BF189DB85D00B71F89 /* HexagonTests.m in Sources */,
			);
			runOnlyForDeploymentPostprocessing = 0;
		};
/* End PBXSourcesBuildPhase section */

/* Begin PBXTargetDependency section */
		89AC03B7189DB85D00B71F89 /* PBXTargetDependency */ = {
			isa = PBXTargetDependency;
			target = 89AC038F189DB85C00B71F89 /* Hexagon */;
			targetProxy = 89AC03B6189DB85D00B71F89 /* PBXContainerItemProxy */;
		};
/* End PBXTargetDependency section */

/* Begin PBXVariantGroup section */
		89AC039E189DB85C00B71F89 /* InfoPlist.strings */ = {
			isa = PBXVariantGroup;
			children = (
				89AC039F189DB85C00B71F89 /* en */,
			);
			name = InfoPlist.strings;
			sourceTree = "<group>";
		};
		89AC03BB189DB85D00B71F89 /* InfoPlist.strings */ = {
			isa = PBXVariantGroup;
			children = (
				89AC03BC189DB85D00B71F89 /* en */,
			);
			name = InfoPlist.strings;
			sourceTree = "<group>";
		};
/* End PBXVariantGroup section */

/* Begin XCBuildConfiguration section */
		89AC03C0189DB85D00B71F89 /* Debug */ = {
			isa = XCBuildConfiguration;
			buildSettings = {
				ALWAYS_SEARCH_USER_PATHS = NO;
				ARCHS = "$(ARCHS_STANDARD_INCLUDING_64_BIT)";
				CLANG_CXX_LANGUAGE_STANDARD = "gnu++0x";
				CLANG_CXX_LIBRARY = "libc++";
				CLANG_ENABLE_MODULES = YES;
				CLANG_ENABLE_OBJC_ARC = YES;
				CLANG_WARN_BOOL_CONVERSION = YES;
				CLANG_WARN_CONSTANT_CONVERSION = YES;
				CLANG_WARN_DIRECT_OBJC_ISA_USAGE = YES_ERROR;
				CLANG_WARN_EMPTY_BODY = YES;
				CLANG_WARN_ENUM_CONVERSION = YES;
				CLANG_WARN_INT_CONVERSION = YES;
				CLANG_WARN_OBJC_ROOT_CLASS = YES_ERROR;
				CLANG_WARN__DUPLICATE_METHOD_MATCH = YES;
				CODE_SIGN_IDENTITY = "iPhone Developer";
				"CODE_SIGN_IDENTITY[sdk=iphoneos*]" = "iPhone Developer";
				COPY_PHASE_STRIP = NO;
				GCC_C_LANGUAGE_STANDARD = gnu99;
				GCC_DYNAMIC_NO_PIC = NO;
				GCC_OPTIMIZATION_LEVEL = 0;
				GCC_PREPROCESSOR_DEFINITIONS = (
					"DEBUG=1",
					"$(inherited)",
				);
				GCC_SYMBOLS_PRIVATE_EXTERN = NO;
				GCC_WARN_64_TO_32_BIT_CONVERSION = YES;
				GCC_WARN_ABOUT_RETURN_TYPE = YES_ERROR;
				GCC_WARN_UNDECLARED_SELECTOR = YES;
				GCC_WARN_UNINITIALIZED_AUTOS = YES;
				GCC_WARN_UNUSED_FUNCTION = YES;
				GCC_WARN_UNUSED_VARIABLE = YES;
				IPHONEOS_DEPLOYMENT_TARGET = 7.0;
				ONLY_ACTIVE_ARCH = YES;
				SDKROOT = iphoneos;
			};
			name = Debug;
		};
		89AC03C1189DB85D00B71F89 /* Release */ = {
			isa = XCBuildConfiguration;
			buildSettings = {
				ALWAYS_SEARCH_USER_PATHS = NO;
				ARCHS = "$(ARCHS_STANDARD_INCLUDING_64_BIT)";
				CLANG_CXX_LANGUAGE_STANDARD = "gnu++0x";
				CLANG_CXX_LIBRARY = "libc++";
				CLANG_ENABLE_MODULES = YES;
				CLANG_ENABLE_OBJC_ARC = YES;
				CLANG_WARN_BOOL_CONVERSION = YES;
				CLANG_WARN_CONSTANT_CONVERSION = YES;
				CLANG_WARN_DIRECT_OBJC_ISA_USAGE = YES_ERROR;
				CLANG_WARN_EMPTY_BODY = YES;
				CLANG_WARN_ENUM_CONVERSION = YES;
				CLANG_WARN_INT_CONVERSION = YES;
				CLANG_WARN_OBJC_ROOT_CLASS = YES_ERROR;
				CLANG_WARN__DUPLICATE_METHOD_MATCH = YES;
				CODE_SIGN_IDENTITY = "iPhone Developer";
				"CODE_SIGN_IDENTITY[sdk=iphoneos*]" = "iPhone Developer";
				COPY_PHASE_STRIP = YES;
				ENABLE_NS_ASSERTIONS = NO;
				GCC_C_LANGUAGE_STANDARD = gnu99;
				GCC_WARN_64_TO_32_BIT_CONVERSION = YES;
				GCC_WARN_ABOUT_RETURN_TYPE = YES_ERROR;
				GCC_WARN_UNDECLARED_SELECTOR = YES;
				GCC_WARN_UNINITIALIZED_AUTOS = YES;
				GCC_WARN_UNUSED_FUNCTION = YES;
				GCC_WARN_UNUSED_VARIABLE = YES;
				IPHONEOS_DEPLOYMENT_TARGET = 7.0;
				SDKROOT = iphoneos;
				VALIDATE_PRODUCT = YES;
			};
			name = Release;
		};
		89AC03C3189DB85D00B71F89 /* Debug */ = {
			isa = XCBuildConfiguration;
			baseConfigurationReference = 7812DECFBAA24DF48591D6CC /* Pods.xcconfig */;
			buildSettings = {
				ASSETCATALOG_COMPILER_APPICON_NAME = AppIcon;
				ASSETCATALOG_COMPILER_LAUNCHIMAGE_NAME = LaunchImage;
				CODE_SIGN_IDENTITY = "iPhone Developer";
				"CODE_SIGN_IDENTITY[sdk=iphoneos*]" = "iPhone Developer";
				GCC_PRECOMPILE_PREFIX_HEADER = YES;
				GCC_PREFIX_HEADER = "Hexagon/Hexagon-Prefix.pch";
				INFOPLIST_FILE = "Hexagon/Hexagon-Info.plist";
				PRODUCT_NAME = "$(TARGET_NAME)";
				PROVISIONING_PROFILE = "";
				WRAPPER_EXTENSION = app;
			};
			name = Debug;
		};
		89AC03C4189DB85D00B71F89 /* Release */ = {
			isa = XCBuildConfiguration;
			baseConfigurationReference = 7812DECFBAA24DF48591D6CC /* Pods.xcconfig */;
			buildSettings = {
				ASSETCATALOG_COMPILER_APPICON_NAME = AppIcon;
				ASSETCATALOG_COMPILER_LAUNCHIMAGE_NAME = LaunchImage;
				CODE_SIGN_IDENTITY = "iPhone Developer";
				"CODE_SIGN_IDENTITY[sdk=iphoneos*]" = "iPhone Developer";
				GCC_PRECOMPILE_PREFIX_HEADER = YES;
				GCC_PREFIX_HEADER = "Hexagon/Hexagon-Prefix.pch";
				INFOPLIST_FILE = "Hexagon/Hexagon-Info.plist";
				PRODUCT_NAME = "$(TARGET_NAME)";
				PROVISIONING_PROFILE = "";
				WRAPPER_EXTENSION = app;
			};
			name = Release;
		};
		89AC03C6189DB85D00B71F89 /* Debug */ = {
			isa = XCBuildConfiguration;
			buildSettings = {
				ARCHS = "$(ARCHS_STANDARD_INCLUDING_64_BIT)";
				BUNDLE_LOADER = "$(BUILT_PRODUCTS_DIR)/Hexagon.app/Hexagon";
				FRAMEWORK_SEARCH_PATHS = (
					"$(SDKROOT)/Developer/Library/Frameworks",
					"$(inherited)",
					"$(DEVELOPER_FRAMEWORKS_DIR)",
				);
				GCC_PRECOMPILE_PREFIX_HEADER = YES;
				GCC_PREFIX_HEADER = "Hexagon/Hexagon-Prefix.pch";
				GCC_PREPROCESSOR_DEFINITIONS = (
					"DEBUG=1",
					"$(inherited)",
				);
				INFOPLIST_FILE = "HexagonTests/HexagonTests-Info.plist";
				PRODUCT_NAME = "$(TARGET_NAME)";
				TEST_HOST = "$(BUNDLE_LOADER)";
				WRAPPER_EXTENSION = xctest;
			};
			name = Debug;
		};
		89AC03C7189DB85D00B71F89 /* Release */ = {
			isa = XCBuildConfiguration;
			buildSettings = {
				ARCHS = "$(ARCHS_STANDARD_INCLUDING_64_BIT)";
				BUNDLE_LOADER = "$(BUILT_PRODUCTS_DIR)/Hexagon.app/Hexagon";
				FRAMEWORK_SEARCH_PATHS = (
					"$(SDKROOT)/Developer/Library/Frameworks",
					"$(inherited)",
					"$(DEVELOPER_FRAMEWORKS_DIR)",
				);
				GCC_PRECOMPILE_PREFIX_HEADER = YES;
				GCC_PREFIX_HEADER = "Hexagon/Hexagon-Prefix.pch";
				INFOPLIST_FILE = "HexagonTests/HexagonTests-Info.plist";
				PRODUCT_NAME = "$(TARGET_NAME)";
				TEST_HOST = "$(BUNDLE_LOADER)";
				WRAPPER_EXTENSION = xctest;
			};
			name = Release;
		};
/* End XCBuildConfiguration section */

/* Begin XCConfigurationList section */
		89AC038B189DB85C00B71F89 /* Build configuration list for PBXProject "Hexagon" */ = {
			isa = XCConfigurationList;
			buildConfigurations = (
				89AC03C0189DB85D00B71F89 /* Debug */,
				89AC03C1189DB85D00B71F89 /* Release */,
			);
			defaultConfigurationIsVisible = 0;
			defaultConfigurationName = Release;
		};
		89AC03C2189DB85D00B71F89 /* Build configuration list for PBXNativeTarget "Hexagon" */ = {
			isa = XCConfigurationList;
			buildConfigurations = (
				89AC03C3189DB85D00B71F89 /* Debug */,
				89AC03C4189DB85D00B71F89 /* Release */,
			);
			defaultConfigurationIsVisible = 0;
			defaultConfigurationName = Release;
		};
		89AC03C5189DB85D00B71F89 /* Build configuration list for PBXNativeTarget "HexagonTests" */ = {
			isa = XCConfigurationList;
			buildConfigurations = (
				89AC03C6189DB85D00B71F89 /* Debug */,
				89AC03C7189DB85D00B71F89 /* Release */,
			);
			defaultConfigurationIsVisible = 0;
			defaultConfigurationName = Release;
		};
/* End XCConfigurationList section */
	};
	rootObject = 89AC0388189DB85C00B71F89 /* Project object */;
}
